# THIS IS AN AUTOGENERATED FILE. DO NOT EDIT THIS FILE DIRECTLY.
# yarn lockfile v1


"component-raf@^1.2.0":
  "integrity" "sha512-MF1EHzsI2u04n8HGUW36E4bCzC0VqkJsRdbEcGU2hf5+EcnPLZckKS5F5V4E+XfPWjrBAP3Qp1TG79TbVGyd0A=="
  "resolved" "https://registry.npmjs.org/component-raf/-/component-raf-1.2.0.tgz"
  "version" "1.2.0"

"raf-scroll@^1.4.0":
  "integrity" "sha512-gDOhXPaJVDeS5hk9g2yqeThNmugXovMvEboGc8QU8FJ7IOBdA2Y6cB3wrRQyRxqm3whohtmyQSEcuQXtV+0xSA=="
  "resolved" "https://registry.npmjs.org/raf-scroll/-/raf-scroll-1.4.0.tgz"
  "version" "1.4.0"
  dependencies:
    "component-raf" "^1.2.0"
    "scrolltop" "0.0.1"
    "tiny-emitter" "^1.0.0"

"scrolltop@0.0.1":
  "integrity" "sha512-ZMsLfUHXq9kazYWWYuwy+wHS9Rx7YUlONR5yKQh052q2lABHuJwiEk/Qv6ZfuXIX62/euXsbzHWIfOhsGev8uQ=="
  "resolved" "https://registry.npmjs.org/scrolltop/-/scrolltop-0.0.1.tgz"
  "version" "0.0.1"

"tiny-emitter@^1.0.0":
  "integrity" "sha512-rWjF00inHeWtT5UbQYAXoMI4hL6TRMqohuKCsODyPYYmfAxqfMnXLsIeNrbdPEkNxlk++rojVilTnI9IVmEBtA=="
  "resolved" "https://registry.npmjs.org/tiny-emitter/-/tiny-emitter-1.2.0.tgz"
  "version" "1.2.0"
